{
  "name": "css_hero",
  "version": "1.0.0",
  "lockfileVersion": 3,
  "requires": true,
  "packages": {
    "": {
      "name": "css_hero",
      "version": "1.0.0",
      "license": "ISC",
      "dependencies": {
        "@adobe/css-tools": "^4.4.3"
      }
    },
    "node_modules/@adobe/css-tools": {
      "version": "4.4.3",
      "resolved": "https://registry.npmjs.org/@adobe/css-tools/-/css-tools-4.4.3.tgz",
      "integrity": "sha512-VQKMkwriZbaOgVCby1UDY/LDk5fIjhQicCvVPFqfe+69fWaPWydbWJ3wRt59/YzIwda1I81loas3oCoHxnqvdA==",
      "license": "MIT"
    }
  }
}
